
Microsoft Visual Studio Solution File, Format Version 12.00
# Visual Studio Version 17
VisualStudioVersion = 17.0.31611.283
MinimumVisualStudioVersion = 10.0.40219.1
Project("{9A19103F-16F7-4668-BE54-9A1E7A4F7556}") = "mobileApp", "mobileApp.csproj", "{D2909FDE-D488-4694-921A-8129311E89AA}"
EndProject
Global
    GlobalSection(SolutionConfigurationPlatforms) = preSolution
        Debug|Any CPU = Debug|Any CPU
        Release|Any CPU = Release|Any CPU
    EndGlobalSection
    GlobalSection(ProjectConfigurationPlatforms) = postSolution
        {D2909FDE-D488-4694-921A-8129311E89AA}.Debug|Any CPU.ActiveCfg = Debug|Any CPU
        {D2909FDE-D488-4694-921A-8129311E89AA}.Debug|Any CPU.Build.0 = Debug|Any CPU
        {D2909FDE-D488-4694-921A-8129311E89AA}.Debug|Any CPU.Deploy.0 = Debug|Any CPU
        {D2909FDE-D488-4694-921A-8129311E89AA}.Release|Any CPU.ActiveCfg = Release|Any CPU
        {D2909FDE-D488-4694-921A-8129311E89AA}.Release|Any CPU.Build.0 = Release|Any CPU
        {D2909FDE-D488-4694-921A-8129311E89AA}.Release|Any CPU.Deploy.0 = Release|Any CPU
    EndGlobalSection
    GlobalSection(SolutionProperties) = preSolution
        HideSolutionNode = FALSE
    EndGlobalSection
    GlobalSection(ExtensibilityGlobals) = postSolution
        SolutionGuid = {61F7FB11-1E47-470C-91E2-47F8143E1572}
    EndGlobalSection
EndGlobal
